// !$*UTF8*$!
{
	archiveVersion = 1;
	classes = {
	};
	objectVersion = 46;
	objects = {

/* Begin PBXBuildFile section */
		39C5015A1C27F97E0047B2B1 /* main.m in Sources */ = {isa = PBXBuildFile; fileRef = 39C501591C27F97E0047B2B1 /* main.m */; };
		39C5015D1C27F97E0047B2B1 /* AppDelegate.m in Sources */ = {isa = PBXBuildFile; fileRef = 39C5015C1C27F97E0047B2B1 /* AppDelegate.m */; };
		39C501601C27F97E0047B2B1 /* ViewController.m in Sources */ = {isa = PBXBuildFile; fileRef = 39C5015F1C27F97E0047B2B1 /* ViewController.m */; };
		39C501631C27F97E0047B2B1 /* Main.storyboard in Resources */ = {isa = PBXBuildFile; fileRef = 39C501611C27F97E0047B2B1 /* Main.storyboard */; };
		39C501651C27F97E0047B2B1 /* Assets.xcassets in Resources */ = {isa = PBXBuildFile; fileRef = 39C501641C27F97E0047B2B1 /* Assets.xcassets */; };
		39C501681C27F97E0047B2B1 /* LaunchScreen.storyboard in Resources */ = {isa = PBXBuildFile; fileRef = 39C501661C27F97E0047B2B1 /* LaunchScreen.storyboard */; };
		39C501731C27F97E0047B2B1 /* EncryptionTests.m in Sources */ = {isa = PBXBuildFile; fileRef = 39C501721C27F97E0047B2B1 /* EncryptionTests.m */; };
		39C5017E1C27F97E0047B2B1 /* EncryptionUITests.m in Sources */ = {isa = PBXBuildFile; fileRef = 39C5017D1C27F97E0047B2B1 /* EncryptionUITests.m */; };
/* End PBXBuildFile section */

/* Begin PBXContainerItemProxy section */
		39C5016F1C27F97E0047B2B1 /* PBXContainerItemProxy */ = {
			isa = PBXContainerItemProxy;
			containerPortal = 39C5014D1C27F97E0047B2B1 /* Project object */;
			proxyType = 1;
			remoteGlobalIDString = 39C501541C27F97E0047B2B1;
			remoteInfo = Encryption;
		};
		39C5017A1C27F97E0047B2B1 /* PBXContainerItemProxy */ = {
			isa = PBXContainerItemProxy;
			containerPortal = 39C5014D1C27F97E0047B2B1 /* Project object */;
			proxyType = 1;
			remoteGlobalIDString = 39C501541C27F97E0047B2B1;
			remoteInfo = Encryption;
		};
/* End PBXContainerItemProxy section */

/* Begin PBXFileReference section */
		39C501551C27F97E0047B2B1 /* Encryption.app */ = {isa = PBXFileReference; explicitFileType = wrapper.application; includeInIndex = 0; path = Encryption.app; sourceTree = BUILT_PRODUCTS_DIR; };
		39C501591C27F97E0047B2B1 /* main.m */ = {isa = PBXFileReference; lastKnownFileType = sourcecode.c.objc; path = main.m; sourceTree = "<group>"; };
		39C5015B1C27F97E0047B2B1 /* AppDelegate.h */ = {isa = PBXFileReference; lastKnownFileType = sourcecode.c.h; path = AppDelegate.h; sourceTree = "<group>"; };
		39C5015C1C27F97E0047B2B1 /* AppDelegate.m */ = {isa = PBXFileReference; lastKnownFileType = sourcecode.c.objc; path = AppDelegate.m; sourceTree = "<group>"; };
		39C5015E1C27F97E0047B2B1 /* ViewController.h */ = {isa = PBXFileReference; lastKnownFileType = sourcecode.c.h; path = ViewController.h; sourceTree = "<group>"; };
		39C5015F1C27F97E0047B2B1 /* ViewController.m */ = {isa = PBXFileReference; lastKnownFileType = sourcecode.c.objc; path = ViewController.m; sourceTree = "<group>"; };
		39C501621C27F97E0047B2B1 /* Base */ = {isa = PBXFileReference; lastKnownFileType = file.storyboard; name = Base; path = Base.lproj/Main.storyboard; sourceTree = "<group>"; };
		39C501641C27F97E0047B2B1 /* Assets.xcassets */ = {isa = PBXFileReference; lastKnownFileType = folder.assetcatalog; path = Assets.xcassets; sourceTree = "<group>"; };
		39C501671C27F97E0047B2B1 /* Base */ = {isa = PBXFileReference; lastKnownFileType = file.storyboard; name = Base; path = Base.lproj/LaunchScreen.storyboard; sourceTree = "<group>"; };
		39C501691C27F97E0047B2B1 /* Info.plist */ = {isa = PBXFileReference; lastKnownFileType = text.plist.xml; path = Info.plist; sourceTree = "<group>"; };
		39C5016E1C27F97E0047B2B1 /* EncryptionTests.xctest */ = {isa = PBXFileReference; explicitFileType = wrapper.cfbundle; includeInIndex = 0; path = EncryptionTests.xctest; sourceTree = BUILT_PRODUCTS_DIR; };
		39C501721C27F97E0047B2B1 /* EncryptionTests.m */ = {isa = PBXFileReference; lastKnownFileType = sourcecode.c.objc; path = EncryptionTests.m; sourceTree = "<group>"; };
		39C501741C27F97E0047B2B1 /* Info.plist */ = {isa = PBXFileReference; lastKnownFileType = text.plist.xml; path = Info.plist; sourceTree = "<group>"; };
		39C501791C27F97E0047B2B1 /* EncryptionUITests.xctest */ = {isa = PBXFileReference; explicitFileType = wrapper.cfbundle; includeInIndex = 0; path = EncryptionUITests.xctest; sourceTree = BUILT_PRODUCTS_DIR; };
		39C5017D1C27F97E0047B2B1 /* EncryptionUITests.m */ = {isa = PBXFileReference; lastKnownFileType = sourcecode.c.objc; path = EncryptionUITests.m; sourceTree = "<group>"; };
		39C5017F1C27F97E0047B2B1 /* Info.plist */ = {isa = PBXFileReference; lastKnownFileType = text.plist.xml; path = Info.plist; sourceTree = "<group>"; };
/* End PBXFileReference section */

/* Begin PBXFrameworksBuildPhase section */
		39C501521C27F97E0047B2B1 /* Frameworks */ = {
			isa = PBXFrameworksBuildPhase;
			buildActionMask = 2147483647;
			files = (
			);
			runOnlyForDeploymentPostprocessing = 0;
		};
		39C5016B1C27F97E0047B2B1 /* Frameworks */ = {
			isa = PBXFrameworksBuildPhase;
			buildActionMask = 2147483647;
			files = (
			);
			runOnlyForDeploymentPostprocessing = 0;
		};
		39C501761C27F97E0047B2B1 /* Frameworks */ = {
			isa = PBXFrameworksBuildPhase;
			buildActionMask = 2147483647;
			files = (
			);
			runOnlyForDeploymentPostprocessing = 0;
		};
/* End PBXFrameworksBuildPhase section */

/* Begin PBXGroup section */
		39C5014C1C27F97E0047B2B1 = {
			isa = PBXGroup;
			children = (
				39C501571C27F97E0047B2B1 /* Encryption */,
				39C501711C27F97E0047B2B1 /* EncryptionTests */,
				39C5017C1C27F97E0047B2B1 /* EncryptionUITests */,
				39C501561C27F97E0047B2B1 /* Products */,
			);
			sourceTree = "<group>";
		};
		39C501561C27F97E0047B2B1 /* Products */ = {
			isa = PBXGroup;
			children = (
				39C501551C27F97E0047B2B1 /* Encryption.app */,
				39C5016E1C27F97E0047B2B1 /* EncryptionTests.xctest */,
				39C501791C27F97E0047B2B1 /* EncryptionUITests.xctest */,
			);
			name = Products;
			sourceTree = "<group>";
		};
		39C501571C27F97E0047B2B1 /* Encryption */ = {
			isa = PBXGroup;
			children = (
				39C5015B1C27F97E0047B2B1 /* AppDelegate.h */,
				39C5015C1C27F97E0047B2B1 /* AppDelegate.m */,
				39C5015E1C27F97E0047B2B1 /* ViewController.h */,
				39C5015F1C27F97E0047B2B1 /* ViewController.m */,
				39C501611C27F97E0047B2B1 /* Main.storyboard */,
				39C501641C27F97E0047B2B1 /* Assets.xcassets */,
				39C501661C27F97E0047B2B1 /* LaunchScreen.storyboard */,
				39C501691C27F97E0047B2B1 /* Info.plist */,
				39C501581C27F97E0047B2B1 /* Supporting Files */,
			);
			path = Encryption;
			sourceTree = "<group>";
		};
		39C501581C27F97E0047B2B1 /* Supporting Files */ = {
			isa = PBXGroup;
			children = (
				39C501591C27F97E0047B2B1 /* main.m */,
			);
			name = "Supporting Files";
			sourceTree = "<group>";
		};
		39C501711C27F97E0047B2B1 /* EncryptionTests */ = {
			isa = PBXGroup;
			children = (
				39C501721C27F97E0047B2B1 /* EncryptionTests.m */,
				39C501741C27F97E0047B2B1 /* Info.plist */,
			);
			path = EncryptionTests;
			sourceTree = "<group>";
		};
		39C5017C1C27F97E0047B2B1 /* EncryptionUITests */ = {
			isa = PBXGroup;
			children = (
				39C5017D1C27F97E0047B2B1 /* EncryptionUITests.m */,
				39C5017F1C27F97E0047B2B1 /* Info.plist */,
			);
			path = EncryptionUITests;
			sourceTree = "<group>";
		};
/* End PBXGroup section */

/* Begin PBXNativeTarget section */
		39C501541C27F97E0047B2B1 /* Encryption */ = {
			isa = PBXNativeTarget;
			buildConfigurationList = 39C501821C27F97E0047B2B1 /* Build configuration list for PBXNativeTarget "Encryption" */;
			buildPhases = (
				39C501511C27F97E0047B2B1 /* Sources */,
				39C501521C27F97E0047B2B1 /* Frameworks */,
				39C501531C27F97E0047B2B1 /* Resources */,
			);
			buildRules = (
			);
			dependencies = (
			);
			name = Encryption;
			productName = Encryption;
			productReference = 39C501551C27F97E0047B2B1 /* Encryption.app */;
			productType = "com.apple.product-type.application";
		};
		39C5016D1C27F97E0047B2B1 /* EncryptionTests */ = {
			isa = PBXNativeTarget;
			buildConfigurationList = 39C501851C27F97E0047B2B1 /* Build configuration list for PBXNativeTarget "EncryptionTests" */;
			buildPhases = (
				39C5016A1C27F97E0047B2B1 /* Sources */,
				39C5016B1C27F97E0047B2B1 /* Frameworks */,
				39C5016C1C27F97E0047B2B1 /* Resources */,
			);
			buildRules = (
			);
			dependencies = (
				39C501701C27F97E0047B2B1 /* PBXTargetDependency */,
			);
			name = EncryptionTests;
			productName = EncryptionTests;
			productReference = 39C5016E1C27F97E0047B2B1 /* EncryptionTests.xctest */;
			productType = "com.apple.product-type.bundle.unit-test";
		};
		39C501781C27F97E0047B2B1 /* EncryptionUITests */ = {
			isa = PBXNativeTarget;
			buildConfigurationList = 39C501881C27F97E0047B2B1 /* Build configuration list for PBXNativeTarget "EncryptionUITests" */;
			buildPhases = (
				39C501751C27F97E0047B2B1 /* Sources */,
				39C501761C27F97E0047B2B1 /* Frameworks */,
				39C501771C27F97E0047B2B1 /* Resources */,
			);
			buildRules = (
			);
			dependencies = (
				39C5017B1C27F97E0047B2B1 /* PBXTargetDependency */,
			);
			name = EncryptionUITests;
			productName = EncryptionUITests;
			productReference = 39C501791C27F97E0047B2B1 /* EncryptionUITests.xctest */;
			productType = "com.apple.product-type.bundle.ui-testing";
		};
/* End PBXNativeTarget section */

/* Begin PBXProject section */
		39C5014D1C27F97E0047B2B1 /* Project object */ = {
			isa = PBXProject;
			attributes = {
				LastUpgradeCheck = 0710;
				ORGANIZATIONNAME = junhaoshen;
				TargetAttributes = {
					39C501541C27F97E0047B2B1 = {
						CreatedOnToolsVersion = 7.1.1;
					};
					39C5016D1C27F97E0047B2B1 = {
						CreatedOnToolsVersion = 7.1.1;
						TestTargetID = 39C501541C27F97E0047B2B1;
					};
					39C501781C27F97E0047B2B1 = {
						CreatedOnToolsVersion = 7.1.1;
						TestTargetID = 39C501541C27F97E0047B2B1;
					};
				};
			};
			buildConfigurationList = 39C501501C27F97E0047B2B1 /* Build configuration list for PBXProject "Encryption" */;
			compatibilityVersion = "Xcode 3.2";
			developmentRegion = English;
			hasScannedForEncodings = 0;
			knownRegions = (
				en,
				Base,
			);
			mainGroup = 39C5014C1C27F97E0047B2B1;
			productRefGroup = 39C501561C27F97E0047B2B1 /* Products */;
			projectDirPath = "";
			projectRoot = "";
			targets = (
				39C501541C27F97E0047B2B1 /* Encryption */,
				39C5016D1C27F97E0047B2B1 /* EncryptionTests */,
				39C501781C27F97E0047B2B1 /* EncryptionUITests */,
			);
		};
/* End PBXProject section */

/* Begin PBXResourcesBuildPhase section */
		39C501531C27F97E0047B2B1 /* Resources */ = {
			isa = PBXResourcesBuildPhase;
			buildActionMask = 2147483647;
			files = (
				39C501681C27F97E0047B2B1 /* LaunchScreen.storyboard in Resources */,
				39C501651C27F97E0047B2B1 /* Assets.xcassets in Resources */,
				39C501631C27F97E0047B2B1 /* Main.storyboard in Resources */,
			);
			runOnlyForDeploymentPostprocessing = 0;
		};
		39C5016C1C27F97E0047B2B1 /* Resources */ = {
			isa = PBXResourcesBuildPhase;
			buildActionMask = 2147483647;
			files = (
			);
			runOnlyForDeploymentPostprocessing = 0;
		};
		39C501771C27F97E0047B2B1 /* Resources */ = {
			isa = PBXResourcesBuildPhase;
			buildActionMask = 2147483647;
			files = (
			);
			runOnlyForDeploymentPostprocessing = 0;
		};
/* End PBXResourcesBuildPhase section */

/* Begin PBXSourcesBuildPhase section */
		39C501511C27F97E0047B2B1 /* Sources */ = {
			isa = PBXSourcesBuildPhase;
			buildActionMask = 2147483647;
			files = (
				39C501601C27F97E0047B2B1 /* ViewController.m in Sources */,
				39C5015D1C27F97E0047B2B1 /* AppDelegate.m in Sources */,
				39C5015A1C27F97E0047B2B1 /* main.m in Sources */,
			);
			runOnlyForDeploymentPostprocessing = 0;
		};
		39C5016A1C27F97E0047B2B1 /* Sources */ = {
			isa = PBXSourcesBuildPhase;
			buildActionMask = 2147483647;
			files = (
				39C501731C27F97E0047B2B1 /* EncryptionTests.m in Sources */,
			);
			runOnlyForDeploymentPostprocessing = 0;
		};
		39C501751C27F97E0047B2B1 /* Sources */ = {
			isa = PBXSourcesBuildPhase;
			buildActionMask = 2147483647;
			files = (
				39C5017E1C27F97E0047B2B1 /* EncryptionUITests.m in Sources */,
			);
			runOnlyForDeploymentPostprocessing = 0;
		};
/* End PBXSourcesBuildPhase section */

/* Begin PBXTargetDependency section */
		39C501701C27F97E0047B2B1 /* PBXTargetDependency */ = {
			isa = PBXTargetDependency;
			target = 39C501541C27F97E0047B2B1 /* Encryption */;
			targetProxy = 39C5016F1C27F97E0047B2B1 /* PBXContainerItemProxy */;
		};
		39C5017B1C27F97E0047B2B1 /* PBXTargetDependency */ = {
			isa = PBXTargetDependency;
			target = 39C501541C27F97E0047B2B1 /* Encryption */;
			targetProxy = 39C5017A1C27F97E0047B2B1 /* PBXContainerItemProxy */;
		};
/* End PBXTargetDependency section */

/* Begin PBXVariantGroup section */
		39C501611C27F97E0047B2B1 /* Main.storyboard */ = {
			isa = PBXVariantGroup;
			children = (
				39C501621C27F97E0047B2B1 /* Base */,
			);
			name = Main.storyboard;
			sourceTree = "<group>";
		};
		39C501661C27F97E0047B2B1 /* LaunchScreen.storyboard */ = {
			isa = PBXVariantGroup;
			children = (
				39C501671C27F97E0047B2B1 /* Base */,
			);
			name = LaunchScreen.storyboard;
			sourceTree = "<group>";
		};
/* End PBXVariantGroup section */

/* Begin XCBuildConfiguration section */
		39C501801C27F97E0047B2B1 /* Debug */ = {
			isa = XCBuildConfiguration;
			buildSettings = {
				ALWAYS_SEARCH_USER_PATHS = NO;
				CLANG_CXX_LANGUAGE_STANDARD = "gnu++0x";
				CLANG_CXX_LIBRARY = "libc++";
				CLANG_ENABLE_MODULES = YES;
				CLANG_ENABLE_OBJC_ARC = YES;
				CLANG_WARN_BOOL_CONVERSION = YES;
				CLANG_WARN_CONSTANT_CONVERSION = YES;
				CLANG_WARN_DIRECT_OBJC_ISA_USAGE = YES_ERROR;
				CLANG_WARN_EMPTY_BODY = YES;
				CLANG_WARN_ENUM_CONVERSION = YES;
				CLANG_WARN_INT_CONVERSION = YES;
				CLANG_WARN_OBJC_ROOT_CLASS = YES_ERROR;
				CLANG_WARN_UNREACHABLE_CODE = YES;
				CLANG_WARN__DUPLICATE_METHOD_MATCH = YES;
				"CODE_SIGN_IDENTITY[sdk=iphoneos*]" = "iPhone Developer";
				COPY_PHASE_STRIP = NO;
				DEBUG_INFORMATION_FORMAT = dwarf;
				ENABLE_STRICT_OBJC_MSGSEND = YES;
				ENABLE_TESTABILITY = YES;
				GCC_C_LANGUAGE_STANDARD = gnu99;
				GCC_DYNAMIC_NO_PIC = NO;
				GCC_NO_COMMON_BLOCKS = YES;
				GCC_OPTIMIZATION_LEVEL = 0;
				GCC_PREPROCESSOR_DEFINITIONS = (
					"DEBUG=1",
					"$(inherited)",
				);
				GCC_WARN_64_TO_32_BIT_CONVERSION = YES;
				GCC_WARN_ABOUT_RETURN_TYPE = YES_ERROR;
				GCC_WARN_UNDECLARED_SELECTOR = YES;
				GCC_WARN_UNINITIALIZED_AUTOS = YES_AGGRESSIVE;
				GCC_WARN_UNUSED_FUNCTION = YES;
				GCC_WARN_UNUSED_VARIABLE = YES;
				IPHONEOS_DEPLOYMENT_TARGET = 9.1;
				MTL_ENABLE_DEBUG_INFO = YES;
				ONLY_ACTIVE_ARCH = YES;
				SDKROOT = iphoneos;
				TARGETED_DEVICE_FAMILY = "1,2";
			};
			name = Debug;
		};
		39C501811C27F97E0047B2B1 /* Release */ = {
			isa = XCBuildConfiguration;
			buildSettings = {
				ALWAYS_SEARCH_USER_PATHS = NO;
				CLANG_CXX_LANGUAGE_STANDARD = "gnu++0x";
				CLANG_CXX_LIBRARY = "libc++";
				CLANG_ENABLE_MODULES = YES;
				CLANG_ENABLE_OBJC_ARC = YES;
				CLANG_WARN_BOOL_CONVERSION = YES;
				CLANG_WARN_CONSTANT_CONVERSION = YES;
				CLANG_WARN_DIRECT_OBJC_ISA_USAGE = YES_ERROR;
				CLANG_WARN_EMPTY_BODY = YES;
				CLANG_WARN_ENUM_CONVERSION = YES;
				CLANG_WARN_INT_CONVERSION = YES;
				CLANG_WARN_OBJC_ROOT_CLASS = YES_ERROR;
				CLANG_WARN_UNREACHABLE_CODE = YES;
				CLANG_WARN__DUPLICATE_METHOD_MATCH = YES;
				"CODE_SIGN_IDENTITY[sdk=iphoneos*]" = "iPhone Developer";
				COPY_PHASE_STRIP = NO;
				DEBUG_INFORMATION_FORMAT = "dwarf-with-dsym";
				ENABLE_NS_ASSERTIONS = NO;
				ENABLE_STRICT_OBJC_MSGSEND = YES;
				GCC_C_LANGUAGE_STANDARD = gnu99;
				GCC_NO_COMMON_BLOCKS = YES;
				GCC_WARN_64_TO_32_BIT_CONVERSION = YES;
				GCC_WARN_ABOUT_RETURN_TYPE = YES_ERROR;
				GCC_WARN_UNDECLARED_SELECTOR = YES;
				GCC_WARN_UNINITIALIZED_AUTOS = YES_AGGRESSIVE;
				GCC_WARN_UNUSED_FUNCTION = YES;
				GCC_WARN_UNUSED_VARIABLE = YES;
				IPHONEOS_DEPLOYMENT_TARGET = 9.1;
				MTL_ENABLE_DEBUG_INFO = NO;
				SDKROOT = iphoneos;
				TARGETED_DEVICE_FAMILY = "1,2";
				VALIDATE_PRODUCT = YES;
			};
			name = Release;
		};
		39C501831C27F97E0047B2B1 /* Debug */ = {
			isa = XCBuildConfiguration;
			buildSettings = {
				ASSETCATALOG_COMPILER_APPICON_NAME = AppIcon;
				INFOPLIST_FILE = Encryption/Info.plist;
				LD_RUNPATH_SEARCH_PATHS = "$(inherited) @executable_path/Frameworks";
				PRODUCT_BUNDLE_IDENTIFIER = com.yinmimoney.Encryption;
				PRODUCT_NAME = "$(TARGET_NAME)";
			};
			name = Debug;
		};
		39C501841C27F97E0047B2B1 /* Release */ = {
			isa = XCBuildConfiguration;
			buildSettings = {
				ASSETCATALOG_COMPILER_APPICON_NAME = AppIcon;
				INFOPLIST_FILE = Encryption/Info.plist;
				LD_RUNPATH_SEARCH_PATHS = "$(inherited) @executable_path/Frameworks";
				PRODUCT_BUNDLE_IDENTIFIER = com.yinmimoney.Encryption;
				PRODUCT_NAME = "$(TARGET_NAME)";
			};
			name = Release;
		};
		39C501861C27F97E0047B2B1 /* Debug */ = {
			isa = XCBuildConfiguration;
			buildSettings = {
				BUNDLE_LOADER = "$(TEST_HOST)";
				INFOPLIST_FILE = EncryptionTests/Info.plist;
				LD_RUNPATH_SEARCH_PATHS = "$(inherited) @executable_path/Frameworks @loader_path/Frameworks";
				PRODUCT_BUNDLE_IDENTIFIER = com.yinmimoney.EncryptionTests;
				PRODUCT_NAME = "$(TARGET_NAME)";
				TEST_HOST = "$(BUILT_PRODUCTS_DIR)/Encryption.app/Encryption";
			};
			name = Debug;
		};
		39C501871C27F97E0047B2B1 /* Release */ = {
			isa = XCBuildConfiguration;
			buildSettings = {
				BUNDLE_LOADER = "$(TEST_HOST)";
				INFOPLIST_FILE = EncryptionTests/Info.plist;
				LD_RUNPATH_SEARCH_PATHS = "$(inherited) @executable_path/Frameworks @loader_path/Frameworks";
				PRODUCT_BUNDLE_IDENTIFIER = com.yinmimoney.EncryptionTests;
				PRODUCT_NAME = "$(TARGET_NAME)";
				TEST_HOST = "$(BUILT_PRODUCTS_DIR)/Encryption.app/Encryption";
			};
			name = Release;
		};
		39C501891C27F97E0047B2B1 /* Debug */ = {
			isa = XCBuildConfiguration;
			buildSettings = {
				INFOPLIST_FILE = EncryptionUITests/Info.plist;
				LD_RUNPATH_SEARCH_PATHS = "$(inherited) @executable_path/Frameworks @loader_path/Frameworks";
				PRODUCT_BUNDLE_IDENTIFIER = com.yinmimoney.EncryptionUITests;
				PRODUCT_NAME = "$(TARGET_NAME)";
				TEST_TARGET_NAME = Encryption;
				USES_XCTRUNNER = YES;
			};
			name = Debug;
		};
		39C5018A1C27F97E0047B2B1 /* Release */ = {
			isa = XCBuildConfiguration;
			buildSettings = {
				INFOPLIST_FILE = EncryptionUITests/Info.plist;
				LD_RUNPATH_SEARCH_PATHS = "$(inherited) @executable_path/Frameworks @loader_path/Frameworks";
				PRODUCT_BUNDLE_IDENTIFIER = com.yinmimoney.EncryptionUITests;
				PRODUCT_NAME = "$(TARGET_NAME)";
				TEST_TARGET_NAME = Encryption;
				USES_XCTRUNNER = YES;
			};
			name = Release;
		};
/* End XCBuildConfiguration section */

/* Begin XCConfigurationList section */
		39C501501C27F97E0047B2B1 /* Build configuration list for PBXProject "Encryption" */ = {
			isa = XCConfigurationList;
			buildConfigurations = (
				39C501801C27F97E0047B2B1 /* Debug */,
				39C501811C27F97E0047B2B1 /* Release */,
			);
			defaultConfigurationIsVisible = 0;
			defaultConfigurationName = Release;
		};
		39C501821C27F97E0047B2B1 /* Build configuration list for PBXNativeTarget "Encryption" */ = {
			isa = XCConfigurationList;
			buildConfigurations = (
				39C501831C27F97E0047B2B1 /* Debug */,
				39C501841C27F97E0047B2B1 /* Release */,
			);
			defaultConfigurationIsVisible = 0;
		};
		39C501851C27F97E0047B2B1 /* Build configuration list for PBXNativeTarget "EncryptionTests" */ = {
			isa = XCConfigurationList;
			buildConfigurations = (
				39C501861C27F97E0047B2B1 /* Debug */,
				39C501871C27F97E0047B2B1 /* Release */,
			);
			defaultConfigurationIsVisible = 0;
		};
		39C501881C27F97E0047B2B1 /* Build configuration list for PBXNativeTarget "EncryptionUITests" */ = {
			isa = XCConfigurationList;
			buildConfigurations = (
				39C501891C27F97E0047B2B1 /* Debug */,
				39C5018A1C27F97E0047B2B1 /* Release */,
			);
			defaultConfigurationIsVisible = 0;
		};
/* End XCConfigurationList section */
	};
	rootObject = 39C5014D1C27F97E0047B2B1 /* Project object */;
}
